{
    "_meta": {
        "hash": {
            "sha256": "d2b92e6c0320f7689cdf32055f5f3ea2a9076b5f3771ce5952635fe25228519d"
        },
        "pipfile-spec": 6,
        "requires": {
            "python_version": "3.8"
        },
        "sources": [
            {
                "name": "pypi",
                "url": "https://pypi.python.org/simple",
                "verify_ssl": true
            }
        ]
    },
    "default": {
        "pycrypto": {
            "hashes": [
                "sha256:f2ce1e989b272cfcb677616763e0a2e7ec659effa67a88aa92b3a65528f60a3c"
            ],
            "index": "pypi",
            "version": "==2.6.1"
        },
        "pyscard": {
            "hashes": [
                "sha256:2abc34387ce5d1567a1052edc47797c1288739b51b664468d34ca77c9a3b05c2",
                "sha256:59cb506e8e793c397f3014f0933752df8d00c97c9f3a3385698e77213423962f",
                "sha256:60dbc52f00da90e3428e987679723588598579a7c3c757e9937cecd6e381ddd2",
                "sha256:6d6ddcf57f97b0899b952c1c0746177c4b4b52af2ca47eb4d6bd0b9096530181",
                "sha256:73945cd5a8c6e2e4982ba24d70fdba9e1b4ca68b82169337f4733823f7b49fb6",
                "sha256:852a4e354bb82cc1f68afb204349ca68ea6c5332242644a80651a5c62bb1ab5f",
                "sha256:b364d9d9186e793c1c4709eb72a4d29e09067d36ca463b2c2abd995bd1055779"
            ],
            "index": "pypi",
            "version": "==2.0.0"
        }
    },
    "develop": {}
}
